
Microsoft Visual Studio Solution File, Format Version 12.00
# Visual Studio 14
VisualStudioVersion = 14.0.25420.1
MinimumVisualStudioVersion = 10.0.40219.1
Project("{FAE04EC0-301F-11D3-BF4B-00C04F79EFBC}") = "PegasusMissionNAEWeb", "PegasusMissionNAEWeb\PegasusMissionNAEWeb.csproj", "{97BA68C7-CB12-4372-A0C8-CB5A2A6FE8D1}"
EndProject
Project("{FAE04EC0-301F-11D3-BF4B-00C04F79EFBC}") = "BootstrapSampleTemplate", "..\BootstrapTemplate\WebApplication1\BootstrapSampleTemplate.csproj", "{D716AE8C-8537-4F4E-8FB6-560C9234CFA4}"
EndProject
Global
	GlobalSection(SolutionConfigurationPlatforms) = preSolution
		Debug|Any CPU = Debug|Any CPU
		Release|Any CPU = Release|Any CPU
	EndGlobalSection
	GlobalSection(ProjectConfigurationPlatforms) = postSolution
		{97BA68C7-CB12-4372-A0C8-CB5A2A6FE8D1}.Debug|Any CPU.ActiveCfg = Debug|Any CPU
		{97BA68C7-CB12-4372-A0C8-CB5A2A6FE8D1}.Debug|Any CPU.Build.0 = Debug|Any CPU
		{97BA68C7-CB12-4372-A0C8-CB5A2A6FE8D1}.Release|Any CPU.ActiveCfg = Release|Any CPU
		{97BA68C7-CB12-4372-A0C8-CB5A2A6FE8D1}.Release|Any CPU.Build.0 = Release|Any CPU
		{D716AE8C-8537-4F4E-8FB6-560C9234CFA4}.Debug|Any CPU.ActiveCfg = Debug|Any CPU
		{D716AE8C-8537-4F4E-8FB6-560C9234CFA4}.Debug|Any CPU.Build.0 = Debug|Any CPU
		{D716AE8C-8537-4F4E-8FB6-560C9234CFA4}.Release|Any CPU.ActiveCfg = Release|Any CPU
		{D716AE8C-8537-4F4E-8FB6-560C9234CFA4}.Release|Any CPU.Build.0 = Release|Any CPU
	EndGlobalSection
	GlobalSection(SolutionProperties) = preSolution
		HideSolutionNode = FALSE
	EndGlobalSection
EndGlobal
